
Microsoft Visual Studio Solution File, Format Version 12.00
# Visual Studio 15
Project("{FAE04EC0-301F-11D3-BF4B-00C04F79EFBC}") = "CusInfo", "CusInfo\CusInfo.csproj", "{982DCC9F-6BD5-4AC8-969B-802DD6BAE697}"
EndProject
Global
	GlobalSection(SolutionConfigurationPlatforms) = preSolution
		Debug|Any CPU = Debug|Any CPU
		Release|Any CPU = Release|Any CPU
	EndGlobalSection
	GlobalSection(ProjectConfigurationPlatforms) = postSolution
		{982DCC9F-6BD5-4AC8-969B-802DD6BAE697}.Debug|Any CPU.ActiveCfg = Debug|Any CPU
		{982DCC9F-6BD5-4AC8-969B-802DD6BAE697}.Debug|Any CPU.Build.0 = Debug|Any CPU
		{982DCC9F-6BD5-4AC8-969B-802DD6BAE697}.Release|Any CPU.ActiveCfg = Release|Any CPU
		{982DCC9F-6BD5-4AC8-969B-802DD6BAE697}.Release|Any CPU.Build.0 = Release|Any CPU
	EndGlobalSection
EndGlobal
